// !$*UTF8*$!
{
	archiveVersion = 1;
	classes = {
	};
	objectVersion = 50;
	objects = {

/* Begin PBXBuildFile section */
		5F4AF8112087DF6300BF450F /* AppDelegate.swift in Sources */ = {isa = PBXBuildFile; fileRef = 5F4AF8102087DF6300BF450F /* AppDelegate.swift */; };
		5F4AF8132087DF6300BF450F /* ViewController.swift in Sources */ = {isa = PBXBuildFile; fileRef = 5F4AF8122087DF6300BF450F /* ViewController.swift */; };
		5F4AF8162087DF6300BF450F /* Main.storyboard in Resources */ = {isa = PBXBuildFile; fileRef = 5F4AF8142087DF6300BF450F /* Main.storyboard */; };
		5F4AF8182087DF6400BF450F /* Assets.xcassets in Resources */ = {isa = PBXBuildFile; fileRef = 5F4AF8172087DF6400BF450F /* Assets.xcassets */; };
		5F4AF81B2087DF6400BF450F /* LaunchScreen.storyboard in Resources */ = {isa = PBXBuildFile; fileRef = 5F4AF8192087DF6400BF450F /* LaunchScreen.storyboard */; };
		B1C2AC22EDB013618FE3CC9C /* Pods_Crypto.framework in Frameworks */ = {isa = PBXBuildFile; fileRef = B461A5707ADCE4CBFB9274A9 /* Pods_Crypto.framework */; };
/* End PBXBuildFile section */

/* Begin PBXFileReference section */
		15DB1D4A9DDE36D4D9163477 /* Pods-Crypto$.release.xcconfig */ = {isa = PBXFileReference; includeInIndex = 1; lastKnownFileType = text.xcconfig; name = "Pods-Crypto$.release.xcconfig"; path = "Pods/Target Support Files/Pods-Crypto$/Pods-Crypto$.release.xcconfig"; sourceTree = "<group>"; };
		5F4AF80D2087DF6300BF450F /* Crypto.app */ = {isa = PBXFileReference; explicitFileType = wrapper.application; includeInIndex = 0; path = Crypto.app; sourceTree = BUILT_PRODUCTS_DIR; };
		5F4AF8102087DF6300BF450F /* AppDelegate.swift */ = {isa = PBXFileReference; lastKnownFileType = sourcecode.swift; path = AppDelegate.swift; sourceTree = "<group>"; };
		5F4AF8122087DF6300BF450F /* ViewController.swift */ = {isa = PBXFileReference; lastKnownFileType = sourcecode.swift; path = ViewController.swift; sourceTree = "<group>"; };
		5F4AF8152087DF6300BF450F /* Base */ = {isa = PBXFileReference; lastKnownFileType = file.storyboard; name = Base; path = Base.lproj/Main.storyboard; sourceTree = "<group>"; };
		5F4AF8172087DF6400BF450F /* Assets.xcassets */ = {isa = PBXFileReference; lastKnownFileType = folder.assetcatalog; path = Assets.xcassets; sourceTree = "<group>"; };
		5F4AF81A2087DF6400BF450F /* Base */ = {isa = PBXFileReference; lastKnownFileType = file.storyboard; name = Base; path = Base.lproj/LaunchScreen.storyboard; sourceTree = "<group>"; };
		5F4AF81C2087DF6400BF450F /* Info.plist */ = {isa = PBXFileReference; lastKnownFileType = text.plist.xml; path = Info.plist; sourceTree = "<group>"; };
		623A431D34818BAF72ECDFF6 /* Pods-Crypto.debug.xcconfig */ = {isa = PBXFileReference; includeInIndex = 1; lastKnownFileType = text.xcconfig; name = "Pods-Crypto.debug.xcconfig"; path = "Pods/Target Support Files/Pods-Crypto/Pods-Crypto.debug.xcconfig"; sourceTree = "<group>"; };
		A82C5979F88B94F37EEA643F /* Pods-Crypto$.debug.xcconfig */ = {isa = PBXFileReference; includeInIndex = 1; lastKnownFileType = text.xcconfig; name = "Pods-Crypto$.debug.xcconfig"; path = "Pods/Target Support Files/Pods-Crypto$/Pods-Crypto$.debug.xcconfig"; sourceTree = "<group>"; };
		B461A5707ADCE4CBFB9274A9 /* Pods_Crypto.framework */ = {isa = PBXFileReference; explicitFileType = wrapper.framework; includeInIndex = 0; path = Pods_Crypto.framework; sourceTree = BUILT_PRODUCTS_DIR; };
		F0F83DE26FE610320B326943 /* Pods-Crypto.release.xcconfig */ = {isa = PBXFileReference; includeInIndex = 1; lastKnownFileType = text.xcconfig; name = "Pods-Crypto.release.xcconfig"; path = "Pods/Target Support Files/Pods-Crypto/Pods-Crypto.release.xcconfig"; sourceTree = "<group>"; };
/* End PBXFileReference section */

/* Begin PBXFrameworksBuildPhase section */
		5F4AF80A2087DF6300BF450F /* Frameworks */ = {
			isa = PBXFrameworksBuildPhase;
			buildActionMask = 2147483647;
			files = (
				B1C2AC22EDB013618FE3CC9C /* Pods_Crypto.framework in Frameworks */,
			);
			runOnlyForDeploymentPostprocessing = 0;
		};
/* End PBXFrameworksBuildPhase section */

/* Begin PBXGroup section */
		5F4AF8042087DF6300BF450F = {
			isa = PBXGroup;
			children = (
				5F4AF80F2087DF6300BF450F /* Crypto */,
				5F4AF80E2087DF6300BF450F /* Products */,
				6E3042CBC80C5E856EBA3736 /* Pods */,
				84102F29D752B8F1E9092AC2 /* Frameworks */,
			);
			sourceTree = "<group>";
		};
		5F4AF80E2087DF6300BF450F /* Products */ = {
			isa = PBXGroup;
			children = (
				5F4AF80D2087DF6300BF450F /* Crypto.app */,
			);
			name = Products;
			sourceTree = "<group>";
		};
		5F4AF80F2087DF6300BF450F /* Crypto */ = {
			isa = PBXGroup;
			children = (
				5F4AF8102087DF6300BF450F /* AppDelegate.swift */,
				5F4AF8122087DF6300BF450F /* ViewController.swift */,
				5F4AF8142087DF6300BF450F /* Main.storyboard */,
				5F4AF8172087DF6400BF450F /* Assets.xcassets */,
				5F4AF8192087DF6400BF450F /* LaunchScreen.storyboard */,
				5F4AF81C2087DF6400BF450F /* Info.plist */,
			);
			path = Crypto;
			sourceTree = "<group>";
		};
		6E3042CBC80C5E856EBA3736 /* Pods */ = {
			isa = PBXGroup;
			children = (
				A82C5979F88B94F37EEA643F /* Pods-Crypto$.debug.xcconfig */,
				15DB1D4A9DDE36D4D9163477 /* Pods-Crypto$.release.xcconfig */,
				623A431D34818BAF72ECDFF6 /* Pods-Crypto.debug.xcconfig */,
				F0F83DE26FE610320B326943 /* Pods-Crypto.release.xcconfig */,
			);
			name = Pods;
			sourceTree = "<group>";
		};
		84102F29D752B8F1E9092AC2 /* Frameworks */ = {
			isa = PBXGroup;
			children = (
				B461A5707ADCE4CBFB9274A9 /* Pods_Crypto.framework */,
			);
			name = Frameworks;
			sourceTree = "<group>";
		};
/* End PBXGroup section */

/* Begin PBXNativeTarget section */
		5F4AF80C2087DF6300BF450F /* Crypto */ = {
			isa = PBXNativeTarget;
			buildConfigurationList = 5F4AF81F2087DF6400BF450F /* Build configuration list for PBXNativeTarget "Crypto" */;
			buildPhases = (
				32D0FED4DA903C4E18EE7F18 /* [CP] Check Pods Manifest.lock */,
				5F4AF8092087DF6300BF450F /* Sources */,
				5F4AF80A2087DF6300BF450F /* Frameworks */,
				5F4AF80B2087DF6300BF450F /* Resources */,
				B590A9F7FB864A78306B6D39 /* [CP] Embed Pods Frameworks */,
			);
			buildRules = (
			);
			dependencies = (
			);
			name = Crypto;
			productName = Crypto$;
			productReference = 5F4AF80D2087DF6300BF450F /* Crypto.app */;
			productType = "com.apple.product-type.application";
		};
/* End PBXNativeTarget section */

/* Begin PBXProject section */
		5F4AF8052087DF6300BF450F /* Project object */ = {
			isa = PBXProject;
			attributes = {
				LastSwiftUpdateCheck = 0930;
				LastUpgradeCheck = 0930;
				ORGANIZATIONNAME = "Shanthosh Pushparajah";
				TargetAttributes = {
					5F4AF80C2087DF6300BF450F = {
						CreatedOnToolsVersion = 9.3;
					};
				};
			};
			buildConfigurationList = 5F4AF8082087DF6300BF450F /* Build configuration list for PBXProject "Crypto" */;
			compatibilityVersion = "Xcode 9.3";
			developmentRegion = en;
			hasScannedForEncodings = 0;
			knownRegions = (
				en,
				Base,
			);
			mainGroup = 5F4AF8042087DF6300BF450F;
			productRefGroup = 5F4AF80E2087DF6300BF450F /* Products */;
			projectDirPath = "";
			projectRoot = "";
			targets = (
				5F4AF80C2087DF6300BF450F /* Crypto */,
			);
		};
/* End PBXProject section */

/* Begin PBXResourcesBuildPhase section */
		5F4AF80B2087DF6300BF450F /* Resources */ = {
			isa = PBXResourcesBuildPhase;
			buildActionMask = 2147483647;
			files = (
				5F4AF81B2087DF6400BF450F /* LaunchScreen.storyboard in Resources */,
				5F4AF8182087DF6400BF450F /* Assets.xcassets in Resources */,
				5F4AF8162087DF6300BF450F /* Main.storyboard in Resources */,
			);
			runOnlyForDeploymentPostprocessing = 0;
		};
/* End PBXResourcesBuildPhase section */

/* Begin PBXShellScriptBuildPhase section */
		32D0FED4DA903C4E18EE7F18 /* [CP] Check Pods Manifest.lock */ = {
			isa = PBXShellScriptBuildPhase;
			buildActionMask = 2147483647;
			files = (
			);
			inputPaths = (
				"${PODS_PODFILE_DIR_PATH}/Podfile.lock",
				"${PODS_ROOT}/Manifest.lock",
			);
			name = "[CP] Check Pods Manifest.lock";
			outputPaths = (
				"$(DERIVED_FILE_DIR)/Pods-Crypto-checkManifestLockResult.txt",
			);
			runOnlyForDeploymentPostprocessing = 0;
			shellPath = /bin/sh;
			shellScript = "diff \"${PODS_PODFILE_DIR_PATH}/Podfile.lock\" \"${PODS_ROOT}/Manifest.lock\" > /dev/null\nif [ $? != 0 ] ; then\n    # print error to STDERR\n    echo \"error: The sandbox is not in sync with the Podfile.lock. Run 'pod install' or update your CocoaPods installation.\" >&2\n    exit 1\nfi\n# This output is used by Xcode 'outputs' to avoid re-running this script phase.\necho \"SUCCESS\" > \"${SCRIPT_OUTPUT_FILE_0}\"\n";
			showEnvVarsInLog = 0;
		};
		B590A9F7FB864A78306B6D39 /* [CP] Embed Pods Frameworks */ = {
			isa = PBXShellScriptBuildPhase;
			buildActionMask = 2147483647;
			files = (
			);
			inputPaths = (
				"${SRCROOT}/Pods/Target Support Files/Pods-Crypto/Pods-Crypto-frameworks.sh",
				"${BUILT_PRODUCTS_DIR}/Alamofire/Alamofire.framework",
				"${BUILT_PRODUCTS_DIR}/SwiftyJSON/SwiftyJSON.framework",
			);
			name = "[CP] Embed Pods Frameworks";
			outputPaths = (
				"${TARGET_BUILD_DIR}/${FRAMEWORKS_FOLDER_PATH}/Alamofire.framework",
				"${TARGET_BUILD_DIR}/${FRAMEWORKS_FOLDER_PATH}/SwiftyJSON.framework",
			);
			runOnlyForDeploymentPostprocessing = 0;
			shellPath = /bin/sh;
			shellScript = "\"${SRCROOT}/Pods/Target Support Files/Pods-Crypto/Pods-Crypto-frameworks.sh\"\n";
			showEnvVarsInLog = 0;
		};
/* End PBXShellScriptBuildPhase section */

/* Begin PBXSourcesBuildPhase section */
		5F4AF8092087DF6300BF450F /* Sources */ = {
			isa = PBXSourcesBuildPhase;
			buildActionMask = 2147483647;
			files = (
				5F4AF8132087DF6300BF450F /* ViewController.swift in Sources */,
				5F4AF8112087DF6300BF450F /* AppDelegate.swift in Sources */,
			);
			runOnlyForDeploymentPostprocessing = 0;
		};
/* End PBXSourcesBuildPhase section */

/* Begin PBXVariantGroup section */
		5F4AF8142087DF6300BF450F /* Main.storyboard */ = {
			isa = PBXVariantGroup;
			children = (
				5F4AF8152087DF6300BF450F /* Base */,
			);
			name = Main.storyboard;
			sourceTree = "<group>";
		};
		5F4AF8192087DF6400BF450F /* LaunchScreen.storyboard */ = {
			isa = PBXVariantGroup;
			children = (
				5F4AF81A2087DF6400BF450F /* Base */,
			);
			name = LaunchScreen.storyboard;
			sourceTree = "<group>";
		};
/* End PBXVariantGroup section */

/* Begin XCBuildConfiguration section */
		5F4AF81D2087DF6400BF450F /* Debug */ = {
			isa = XCBuildConfiguration;
			buildSettings = {
				ALWAYS_SEARCH_USER_PATHS = NO;
				CLANG_ANALYZER_NONNULL = YES;
				CLANG_ANALYZER_NUMBER_OBJECT_CONVERSION = YES_AGGRESSIVE;
				CLANG_CXX_LANGUAGE_STANDARD = "gnu++14";
				CLANG_CXX_LIBRARY = "libc++";
				CLANG_ENABLE_MODULES = YES;
				CLANG_ENABLE_OBJC_ARC = YES;
				CLANG_ENABLE_OBJC_WEAK = YES;
				CLANG_WARN_BLOCK_CAPTURE_AUTORELEASING = YES;
				CLANG_WARN_BOOL_CONVERSION = YES;
				CLANG_WARN_COMMA = YES;
				CLANG_WARN_CONSTANT_CONVERSION = YES;
				CLANG_WARN_DEPRECATED_OBJC_IMPLEMENTATIONS = YES;
				CLANG_WARN_DIRECT_OBJC_ISA_USAGE = YES_ERROR;
				CLANG_WARN_DOCUMENTATION_COMMENTS = YES;
				CLANG_WARN_EMPTY_BODY = YES;
				CLANG_WARN_ENUM_CONVERSION = YES;
				CLANG_WARN_INFINITE_RECURSION = YES;
				CLANG_WARN_INT_CONVERSION = YES;
				CLANG_WARN_NON_LITERAL_NULL_CONVERSION = YES;
				CLANG_WARN_OBJC_IMPLICIT_RETAIN_SELF = YES;
				CLANG_WARN_OBJC_LITERAL_CONVERSION = YES;
				CLANG_WARN_OBJC_ROOT_CLASS = YES_ERROR;
				CLANG_WARN_RANGE_LOOP_ANALYSIS = YES;
				CLANG_WARN_STRICT_PROTOTYPES = YES;
				CLANG_WARN_SUSPICIOUS_MOVE = YES;
				CLANG_WARN_UNGUARDED_AVAILABILITY = YES_AGGRESSIVE;
				CLANG_WARN_UNREACHABLE_CODE = YES;
				CLANG_WARN__DUPLICATE_METHOD_MATCH = YES;
				CODE_SIGN_IDENTITY = "iPhone Developer";
				COPY_PHASE_STRIP = NO;
				DEBUG_INFORMATION_FORMAT = dwarf;
				ENABLE_STRICT_OBJC_MSGSEND = YES;
				ENABLE_TESTABILITY = YES;
				GCC_C_LANGUAGE_STANDARD = gnu11;
				GCC_DYNAMIC_NO_PIC = NO;
				GCC_NO_COMMON_BLOCKS = YES;
				GCC_OPTIMIZATION_LEVEL = 0;
				GCC_PREPROCESSOR_DEFINITIONS = (
					"DEBUG=1",
					"$(inherited)",
				);
				GCC_WARN_64_TO_32_BIT_CONVERSION = YES;
				GCC_WARN_ABOUT_RETURN_TYPE = YES_ERROR;
				GCC_WARN_UNDECLARED_SELECTOR = YES;
				GCC_WARN_UNINITIALIZED_AUTOS = YES_AGGRESSIVE;
				GCC_WARN_UNUSED_FUNCTION = YES;
				GCC_WARN_UNUSED_VARIABLE = YES;
				IPHONEOS_DEPLOYMENT_TARGET = 11.3;
				MTL_ENABLE_DEBUG_INFO = YES;
				ONLY_ACTIVE_ARCH = YES;
				SDKROOT = iphoneos;
				SWIFT_ACTIVE_COMPILATION_CONDITIONS = DEBUG;
				SWIFT_OPTIMIZATION_LEVEL = "-Onone";
			};
			name = Debug;
		};
		5F4AF81E2087DF6400BF450F /* Release */ = {
			isa = XCBuildConfiguration;
			buildSettings = {
				ALWAYS_SEARCH_USER_PATHS = NO;
				CLANG_ANALYZER_NONNULL = YES;
				CLANG_ANALYZER_NUMBER_OBJECT_CONVERSION = YES_AGGRESSIVE;
				CLANG_CXX_LANGUAGE_STANDARD = "gnu++14";
				CLANG_CXX_LIBRARY = "libc++";
				CLANG_ENABLE_MODULES = YES;
				CLANG_ENABLE_OBJC_ARC = YES;
				CLANG_ENABLE_OBJC_WEAK = YES;
				CLANG_WARN_BLOCK_CAPTURE_AUTORELEASING = YES;
				CLANG_WARN_BOOL_CONVERSION = YES;
				CLANG_WARN_COMMA = YES;
				CLANG_WARN_CONSTANT_CONVERSION = YES;
				CLANG_WARN_DEPRECATED_OBJC_IMPLEMENTATIONS = YES;
				CLANG_WARN_DIRECT_OBJC_ISA_USAGE = YES_ERROR;
				CLANG_WARN_DOCUMENTATION_COMMENTS = YES;
				CLANG_WARN_EMPTY_BODY = YES;
				CLANG_WARN_ENUM_CONVERSION = YES;
				CLANG_WARN_INFINITE_RECURSION = YES;
				CLANG_WARN_INT_CONVERSION = YES;
				CLANG_WARN_NON_LITERAL_NULL_CONVERSION = YES;
				CLANG_WARN_OBJC_IMPLICIT_RETAIN_SELF = YES;
				CLANG_WARN_OBJC_LITERAL_CONVERSION = YES;
				CLANG_WARN_OBJC_ROOT_CLASS = YES_ERROR;
				CLANG_WARN_RANGE_LOOP_ANALYSIS = YES;
				CLANG_WARN_STRICT_PROTOTYPES = YES;
				CLANG_WARN_SUSPICIOUS_MOVE = YES;
				CLANG_WARN_UNGUARDED_AVAILABILITY = YES_AGGRESSIVE;
				CLANG_WARN_UNREACHABLE_CODE = YES;
				CLANG_WARN__DUPLICATE_METHOD_MATCH = YES;
				CODE_SIGN_IDENTITY = "iPhone Developer";
				COPY_PHASE_STRIP = NO;
				DEBUG_INFORMATION_FORMAT = "dwarf-with-dsym";
				ENABLE_NS_ASSERTIONS = NO;
				ENABLE_STRICT_OBJC_MSGSEND = YES;
				GCC_C_LANGUAGE_STANDARD = gnu11;
				GCC_NO_COMMON_BLOCKS = YES;
				GCC_WARN_64_TO_32_BIT_CONVERSION = YES;
				GCC_WARN_ABOUT_RETURN_TYPE = YES_ERROR;
				GCC_WARN_UNDECLARED_SELECTOR = YES;
				GCC_WARN_UNINITIALIZED_AUTOS = YES_AGGRESSIVE;
				GCC_WARN_UNUSED_FUNCTION = YES;
				GCC_WARN_UNUSED_VARIABLE = YES;
				IPHONEOS_DEPLOYMENT_TARGET = 11.3;
				MTL_ENABLE_DEBUG_INFO = NO;
				SDKROOT = iphoneos;
				SWIFT_COMPILATION_MODE = wholemodule;
				SWIFT_OPTIMIZATION_LEVEL = "-O";
				VALIDATE_PRODUCT = YES;
			};
			name = Release;
		};
		5F4AF8202087DF6400BF450F /* Debug */ = {
			isa = XCBuildConfiguration;
			baseConfigurationReference = 623A431D34818BAF72ECDFF6 /* Pods-Crypto.debug.xcconfig */;
			buildSettings = {
				ASSETCATALOG_COMPILER_APPICON_NAME = AppIcon;
				CODE_SIGN_STYLE = Automatic;
				DEVELOPMENT_TEAM = 3ZZN62M2P2;
				INFOPLIST_FILE = "$(SRCROOT)/Crypto/Info.plist";
				LD_RUNPATH_SEARCH_PATHS = (
					"$(inherited)",
					"@executable_path/Frameworks",
				);
				PRODUCT_BUNDLE_IDENTIFIER = "com.appsbytosh.Crypto--";
				PRODUCT_NAME = "$(TARGET_NAME)";
				SWIFT_VERSION = 4.0;
				TARGETED_DEVICE_FAMILY = "1,2";
			};
			name = Debug;
		};
		5F4AF8212087DF6400BF450F /* Release */ = {
			isa = XCBuildConfiguration;
			baseConfigurationReference = F0F83DE26FE610320B326943 /* Pods-Crypto.release.xcconfig */;
			buildSettings = {
				ASSETCATALOG_COMPILER_APPICON_NAME = AppIcon;
				CODE_SIGN_STYLE = Automatic;
				DEVELOPMENT_TEAM = 3ZZN62M2P2;
				INFOPLIST_FILE = "$(SRCROOT)/Crypto/Info.plist";
				LD_RUNPATH_SEARCH_PATHS = (
					"$(inherited)",
					"@executable_path/Frameworks",
				);
				PRODUCT_BUNDLE_IDENTIFIER = "com.appsbytosh.Crypto--";
				PRODUCT_NAME = "$(TARGET_NAME)";
				SWIFT_VERSION = 4.0;
				TARGETED_DEVICE_FAMILY = "1,2";
			};
			name = Release;
		};
/* End XCBuildConfiguration section */

/* Begin XCConfigurationList section */
		5F4AF8082087DF6300BF450F /* Build configuration list for PBXProject "Crypto" */ = {
			isa = XCConfigurationList;
			buildConfigurations = (
				5F4AF81D2087DF6400BF450F /* Debug */,
				5F4AF81E2087DF6400BF450F /* Release */,
			);
			defaultConfigurationIsVisible = 0;
			defaultConfigurationName = Release;
		};
		5F4AF81F2087DF6400BF450F /* Build configuration list for PBXNativeTarget "Crypto" */ = {
			isa = XCConfigurationList;
			buildConfigurations = (
				5F4AF8202087DF6400BF450F /* Debug */,
				5F4AF8212087DF6400BF450F /* Release */,
			);
			defaultConfigurationIsVisible = 0;
			defaultConfigurationName = Release;
		};
/* End XCConfigurationList section */
	};
	rootObject = 5F4AF8052087DF6300BF450F /* Project object */;
}
